// !$*UTF8*$!
{
	archiveVersion = 1;
	classes = {
	};
	objectVersion = 56;
	objects = {

/* Begin PBXBuildFile section */
		D947772D2C735C0400F15A9B /* TransactionListViewController.swift in Sources */ = {isa = PBXBuildFile; fileRef = D947772C2C735C0400F15A9B /* TransactionListViewController.swift */; };
		D94777302C735D4900F15A9B /* TransactionListCoordinator.swift in Sources */ = {isa = PBXBuildFile; fileRef = D947772F2C735D4900F15A9B /* TransactionListCoordinator.swift */; };
		D94777322C75D6ED00F15A9B /* TransactionTableViewCell.swift in Sources */ = {isa = PBXBuildFile; fileRef = D94777312C75D6ED00F15A9B /* TransactionTableViewCell.swift */; };
		D94777352C7652DC00F15A9B /* AddTransactionViewController.swift in Sources */ = {isa = PBXBuildFile; fileRef = D94777342C7652DC00F15A9B /* AddTransactionViewController.swift */; };
		D94777572C76571D00F15A9B /* AddTransactionViewControllerRepresentable.swift in Sources */ = {isa = PBXBuildFile; fileRef = D94777562C76571D00F15A9B /* AddTransactionViewControllerRepresentable.swift */; };
		D947775B2C771FF900F15A9B /* TransactionListViewModel.swift in Sources */ = {isa = PBXBuildFile; fileRef = D947775A2C771FF900F15A9B /* TransactionListViewModel.swift */; };
		EF17E84E2C76DBC500C131DA /* AchievementView.swift in Sources */ = {isa = PBXBuildFile; fileRef = EF17E84D2C76DBC500C131DA /* AchievementView.swift */; };
		EF17E8512C76E73700C131DA /* AchievementEmptyViewComponent.swift in Sources */ = {isa = PBXBuildFile; fileRef = EF17E8502C76E73700C131DA /* AchievementEmptyViewComponent.swift */; };
		EF17E8532C76EB9400C131DA /* AchievementListViewModelSwiftUI.swift in Sources */ = {isa = PBXBuildFile; fileRef = EF17E8522C76EB9400C131DA /* AchievementListViewModelSwiftUI.swift */; };
		EF17E8552C77038F00C131DA /* AchievementStickerLocalEntity.swift in Sources */ = {isa = PBXBuildFile; fileRef = EF17E8542C77038F00C131DA /* AchievementStickerLocalEntity.swift */; };
		EF17E8572C7704AD00C131DA /* SaveStickerRequestDTO.swift in Sources */ = {isa = PBXBuildFile; fileRef = EF17E8562C7704AD00C131DA /* SaveStickerRequestDTO.swift */; };
		EF17E8592C7704B500C131DA /* UpdateStickerRequestDTO.swift in Sources */ = {isa = PBXBuildFile; fileRef = EF17E8582C7704B500C131DA /* UpdateStickerRequestDTO.swift */; };
		EF17E85B2C7705A600C131DA /* AchievementStickerResponseDTO.swift in Sources */ = {isa = PBXBuildFile; fileRef = EF17E85A2C7705A600C131DA /* AchievementStickerResponseDTO.swift */; };
		EF17E85D2C77074600C131DA /* AchievementStickerRepository.swift in Sources */ = {isa = PBXBuildFile; fileRef = EF17E85C2C77074600C131DA /* AchievementStickerRepository.swift */; };
		EF17E85F2C770A0600C131DA /* AchievementStickerUseCase.swift in Sources */ = {isa = PBXBuildFile; fileRef = EF17E85E2C770A0600C131DA /* AchievementStickerUseCase.swift */; };
		EF17E8632C770A3D00C131DA /* SaveAchievementStickerRequest.swift in Sources */ = {isa = PBXBuildFile; fileRef = EF17E8622C770A3D00C131DA /* SaveAchievementStickerRequest.swift */; };
		EF17E8652C770A4400C131DA /* UpdateAchievementStickerRequest.swift in Sources */ = {isa = PBXBuildFile; fileRef = EF17E8642C770A4400C131DA /* UpdateAchievementStickerRequest.swift */; };
		EF17E8672C77151000C131DA /* DraggableSticker.swift in Sources */ = {isa = PBXBuildFile; fileRef = EF17E8662C77151000C131DA /* DraggableSticker.swift */; };
		EF34110A2C747B8C00AD1CDE /* UITableViewCell+Extensions.swift in Sources */ = {isa = PBXBuildFile; fileRef = EF3411092C747B8C00AD1CDE /* UITableViewCell+Extensions.swift */; };
		EF34110C2C747C3400AD1CDE /* UIViewController+Extensions.swift in Sources */ = {isa = PBXBuildFile; fileRef = EF34110B2C747C3400AD1CDE /* UIViewController+Extensions.swift */; };
		EF34110F2C747D2600AD1CDE /* LoadingToast.swift in Sources */ = {isa = PBXBuildFile; fileRef = EF34110E2C747D2600AD1CDE /* LoadingToast.swift */; };
		EF3411132C74825F00AD1CDE /* AchievementListViewModel.swift in Sources */ = {isa = PBXBuildFile; fileRef = EF3411122C74825F00AD1CDE /* AchievementListViewModel.swift */; };
		EF3411162C74830B00AD1CDE /* AchievementListCoordinator.swift in Sources */ = {isa = PBXBuildFile; fileRef = EF3411152C74830B00AD1CDE /* AchievementListCoordinator.swift */; };
		EF3411182C748B5300AD1CDE /* DataState.swift in Sources */ = {isa = PBXBuildFile; fileRef = EF3411172C748B5300AD1CDE /* DataState.swift */; };
		EFA21A6D2C75A1BC008D31A9 /* AchievementListTableViewCell.swift in Sources */ = {isa = PBXBuildFile; fileRef = EFA21A6B2C75A1BC008D31A9 /* AchievementListTableViewCell.swift */; };
		EFA21A6E2C75A1BC008D31A9 /* AchievementListTableViewCellXIB.xib in Resources */ = {isa = PBXBuildFile; fileRef = EFA21A6C2C75A1BC008D31A9 /* AchievementListTableViewCellXIB.xib */; };
		EFD423C72C733F9300D38B8F /* AchievementStickerEntity.swift in Sources */ = {isa = PBXBuildFile; fileRef = EFD423C62C733F9300D38B8F /* AchievementStickerEntity.swift */; };
		EFD423D32C73525600D38B8F /* AchievementListViewController.swift in Sources */ = {isa = PBXBuildFile; fileRef = EFD423D22C73525600D38B8F /* AchievementListViewController.swift */; };
		EFD423D72C73553500D38B8F /* AchievementListViewControllerXIB.xib in Resources */ = {isa = PBXBuildFile; fileRef = EFD423D62C73553500D38B8F /* AchievementListViewControllerXIB.xib */; };
		EFE929432C6B42D80091FF02 /* piggyApp.swift in Sources */ = {isa = PBXBuildFile; fileRef = EFE929422C6B42D80091FF02 /* piggyApp.swift */; };
		EFE929452C6B42D80091FF02 /* ContentView.swift in Sources */ = {isa = PBXBuildFile; fileRef = EFE929442C6B42D80091FF02 /* ContentView.swift */; };
		EFE929472C6B42D90091FF02 /* Assets.xcassets in Resources */ = {isa = PBXBuildFile; fileRef = EFE929462C6B42D90091FF02 /* Assets.xcassets */; };
		EFE9294A2C6B42D90091FF02 /* Preview Assets.xcassets in Resources */ = {isa = PBXBuildFile; fileRef = EFE929492C6B42D90091FF02 /* Preview Assets.xcassets */; };
		EFE929542C6B42D90091FF02 /* piggyTests.swift in Sources */ = {isa = PBXBuildFile; fileRef = EFE929532C6B42D90091FF02 /* piggyTests.swift */; };
		EFE9295E2C6B42D90091FF02 /* piggyUITests.swift in Sources */ = {isa = PBXBuildFile; fileRef = EFE9295D2C6B42D90091FF02 /* piggyUITests.swift */; };
		EFE929602C6B42D90091FF02 /* piggyUITestsLaunchTests.swift in Sources */ = {isa = PBXBuildFile; fileRef = EFE9295F2C6B42D90091FF02 /* piggyUITestsLaunchTests.swift */; };
		EFE929F52C6C91700091FF02 /* TransactionListEntity.swift in Sources */ = {isa = PBXBuildFile; fileRef = EFE929F42C6C91700091FF02 /* TransactionListEntity.swift */; };
		EFE929F82C6C92A30091FF02 /* TransactionListUseCase.swift in Sources */ = {isa = PBXBuildFile; fileRef = EFE929F72C6C92A30091FF02 /* TransactionListUseCase.swift */; };
		EFE929FD2C6C92CF0091FF02 /* SaveTransactionListRequest.swift in Sources */ = {isa = PBXBuildFile; fileRef = EFE929FC2C6C92CF0091FF02 /* SaveTransactionListRequest.swift */; };
		EFE92A082C6CAE880091FF02 /* TransactionListLocalEntity.swift in Sources */ = {isa = PBXBuildFile; fileRef = EFE92A072C6CAE880091FF02 /* TransactionListLocalEntity.swift */; };
		EFE92A0A2C6CAFA10091FF02 /* SaveTransactionListRequestDTO.swift in Sources */ = {isa = PBXBuildFile; fileRef = EFE92A092C6CAFA10091FF02 /* SaveTransactionListRequestDTO.swift */; };
		EFE92A102C6CB0A40091FF02 /* TransactionListResponseDTO.swift in Sources */ = {isa = PBXBuildFile; fileRef = EFE92A0F2C6CB0A40091FF02 /* TransactionListResponseDTO.swift */; };
		EFE92A122C6CB1920091FF02 /* TransactionListRepository.swift in Sources */ = {isa = PBXBuildFile; fileRef = EFE92A112C6CB1910091FF02 /* TransactionListRepository.swift */; };
		EFE92A142C6CB2230091FF02 /* SwiftDataContextManager.swift in Sources */ = {isa = PBXBuildFile; fileRef = EFE92A132C6CB2230091FF02 /* SwiftDataContextManager.swift */; };
		EFE92A182C6CBCC70091FF02 /* NetworkError.swift in Sources */ = {isa = PBXBuildFile; fileRef = EFE92A172C6CBCC70091FF02 /* NetworkError.swift */; };
		EFE92A1A2C6DC1270091FF02 /* LocalAchievementListTests.swift in Sources */ = {isa = PBXBuildFile; fileRef = EFE92A192C6DC1270091FF02 /* LocalAchievementListTests.swift */; };
		EFE92A272C6DC18C0091FF02 /* AchievementListLocalEntity.swift in Sources */ = {isa = PBXBuildFile; fileRef = EFE92A1C2C6DC18C0091FF02 /* AchievementListLocalEntity.swift */; };
		EFE92A282C6DC18C0091FF02 /* SaveAchievementListRequestDTO.swift in Sources */ = {isa = PBXBuildFile; fileRef = EFE92A1E2C6DC18C0091FF02 /* SaveAchievementListRequestDTO.swift */; };
		EFE92A292C6DC18C0091FF02 /* UpdateAchievementListRequestDTO.swift in Sources */ = {isa = PBXBuildFile; fileRef = EFE92A1F2C6DC18C0091FF02 /* UpdateAchievementListRequestDTO.swift */; };
		EFE92A2A2C6DC18C0091FF02 /* AchievementListResponseDTO.swift in Sources */ = {isa = PBXBuildFile; fileRef = EFE92A212C6DC18C0091FF02 /* AchievementListResponseDTO.swift */; };
		EFE92A2B2C6DC18C0091FF02 /* AchievementListRepository.swift in Sources */ = {isa = PBXBuildFile; fileRef = EFE92A242C6DC18C0091FF02 /* AchievementListRepository.swift */; };
		EFE92A352C6DC1970091FF02 /* SaveAchievementListRequest.swift in Sources */ = {isa = PBXBuildFile; fileRef = EFE92A2C2C6DC1970091FF02 /* SaveAchievementListRequest.swift */; };
		EFE92A362C6DC1970091FF02 /* UpdateAchievementListRequest.swift in Sources */ = {isa = PBXBuildFile; fileRef = EFE92A2D2C6DC1970091FF02 /* UpdateAchievementListRequest.swift */; };
		EFE92A372C6DC1970091FF02 /* AchievementListEntity.swift in Sources */ = {isa = PBXBuildFile; fileRef = EFE92A2F2C6DC1970091FF02 /* AchievementListEntity.swift */; };
		EFE92A382C6DC1970091FF02 /* AchievementListUseCase.swift in Sources */ = {isa = PBXBuildFile; fileRef = EFE92A322C6DC1970091FF02 /* AchievementListUseCase.swift */; };
/* End PBXBuildFile section */

/* Begin PBXContainerItemProxy section */
		EFE929502C6B42D90091FF02 /* PBXContainerItemProxy */ = {
			isa = PBXContainerItemProxy;
			containerPortal = EFE929372C6B42D80091FF02 /* Project object */;
			proxyType = 1;
			remoteGlobalIDString = EFE9293E2C6B42D80091FF02;
			remoteInfo = piggy;
		};
		EFE9295A2C6B42D90091FF02 /* PBXContainerItemProxy */ = {
			isa = PBXContainerItemProxy;
			containerPortal = EFE929372C6B42D80091FF02 /* Project object */;
			proxyType = 1;
			remoteGlobalIDString = EFE9293E2C6B42D80091FF02;
			remoteInfo = piggy;
		};
/* End PBXContainerItemProxy section */

/* Begin PBXFileReference section */
		D947772C2C735C0400F15A9B /* TransactionListViewController.swift */ = {isa = PBXFileReference; lastKnownFileType = sourcecode.swift; name = TransactionListViewController.swift; path = piggy/Modules/TransactionList/Scene/piggy/Modules/TransactionList/Scene/View/TransactionListViewController.swift; sourceTree = SOURCE_ROOT; };
		D947772F2C735D4900F15A9B /* TransactionListCoordinator.swift */ = {isa = PBXFileReference; lastKnownFileType = sourcecode.swift; path = TransactionListCoordinator.swift; sourceTree = "<group>"; };
		D94777312C75D6ED00F15A9B /* TransactionTableViewCell.swift */ = {isa = PBXFileReference; lastKnownFileType = sourcecode.swift; name = TransactionTableViewCell.swift; path = piggy/Modules/TransactionList/Scene/piggy/Modules/TransactionList/Scene/View/TransactionTableViewCell.swift; sourceTree = SOURCE_ROOT; };
		D94777342C7652DC00F15A9B /* AddTransactionViewController.swift */ = {isa = PBXFileReference; lastKnownFileType = sourcecode.swift; path = AddTransactionViewController.swift; sourceTree = "<group>"; };
		D94777562C76571D00F15A9B /* AddTransactionViewControllerRepresentable.swift */ = {isa = PBXFileReference; lastKnownFileType = sourcecode.swift; path = AddTransactionViewControllerRepresentable.swift; sourceTree = "<group>"; };
		D947775A2C771FF900F15A9B /* TransactionListViewModel.swift */ = {isa = PBXFileReference; lastKnownFileType = sourcecode.swift; path = TransactionListViewModel.swift; sourceTree = "<group>"; };
		EF17E84D2C76DBC500C131DA /* AchievementView.swift */ = {isa = PBXFileReference; lastKnownFileType = sourcecode.swift; path = AchievementView.swift; sourceTree = "<group>"; };
		EF17E8502C76E73700C131DA /* AchievementEmptyViewComponent.swift */ = {isa = PBXFileReference; lastKnownFileType = sourcecode.swift; path = AchievementEmptyViewComponent.swift; sourceTree = "<group>"; };
		EF17E8522C76EB9400C131DA /* AchievementListViewModelSwiftUI.swift */ = {isa = PBXFileReference; lastKnownFileType = sourcecode.swift; path = AchievementListViewModelSwiftUI.swift; sourceTree = "<group>"; };
		EF17E8542C77038F00C131DA /* AchievementStickerLocalEntity.swift */ = {isa = PBXFileReference; lastKnownFileType = sourcecode.swift; path = AchievementStickerLocalEntity.swift; sourceTree = "<group>"; };
		EF17E8562C7704AD00C131DA /* SaveStickerRequestDTO.swift */ = {isa = PBXFileReference; lastKnownFileType = sourcecode.swift; path = SaveStickerRequestDTO.swift; sourceTree = "<group>"; };
		EF17E8582C7704B500C131DA /* UpdateStickerRequestDTO.swift */ = {isa = PBXFileReference; lastKnownFileType = sourcecode.swift; path = UpdateStickerRequestDTO.swift; sourceTree = "<group>"; };
		EF17E85A2C7705A600C131DA /* AchievementStickerResponseDTO.swift */ = {isa = PBXFileReference; lastKnownFileType = sourcecode.swift; path = AchievementStickerResponseDTO.swift; sourceTree = "<group>"; };
		EF17E85C2C77074600C131DA /* AchievementStickerRepository.swift */ = {isa = PBXFileReference; lastKnownFileType = sourcecode.swift; path = AchievementStickerRepository.swift; sourceTree = "<group>"; };
		EF17E85E2C770A0600C131DA /* AchievementStickerUseCase.swift */ = {isa = PBXFileReference; lastKnownFileType = sourcecode.swift; path = AchievementStickerUseCase.swift; sourceTree = "<group>"; };
		EF17E8622C770A3D00C131DA /* SaveAchievementStickerRequest.swift */ = {isa = PBXFileReference; lastKnownFileType = sourcecode.swift; path = SaveAchievementStickerRequest.swift; sourceTree = "<group>"; };
		EF17E8642C770A4400C131DA /* UpdateAchievementStickerRequest.swift */ = {isa = PBXFileReference; lastKnownFileType = sourcecode.swift; path = UpdateAchievementStickerRequest.swift; sourceTree = "<group>"; };
		EF17E8662C77151000C131DA /* DraggableSticker.swift */ = {isa = PBXFileReference; lastKnownFileType = sourcecode.swift; path = DraggableSticker.swift; sourceTree = "<group>"; };
		EF3411092C747B8C00AD1CDE /* UITableViewCell+Extensions.swift */ = {isa = PBXFileReference; lastKnownFileType = sourcecode.swift; path = "UITableViewCell+Extensions.swift"; sourceTree = "<group>"; };
		EF34110B2C747C3400AD1CDE /* UIViewController+Extensions.swift */ = {isa = PBXFileReference; lastKnownFileType = sourcecode.swift; path = "UIViewController+Extensions.swift"; sourceTree = "<group>"; };
		EF34110E2C747D2600AD1CDE /* LoadingToast.swift */ = {isa = PBXFileReference; lastKnownFileType = sourcecode.swift; path = LoadingToast.swift; sourceTree = "<group>"; };
		EF3411122C74825F00AD1CDE /* AchievementListViewModel.swift */ = {isa = PBXFileReference; lastKnownFileType = sourcecode.swift; path = AchievementListViewModel.swift; sourceTree = "<group>"; };
		EF3411152C74830B00AD1CDE /* AchievementListCoordinator.swift */ = {isa = PBXFileReference; lastKnownFileType = sourcecode.swift; path = AchievementListCoordinator.swift; sourceTree = "<group>"; };
		EF3411172C748B5300AD1CDE /* DataState.swift */ = {isa = PBXFileReference; lastKnownFileType = sourcecode.swift; path = DataState.swift; sourceTree = "<group>"; };
		EFA21A6B2C75A1BC008D31A9 /* AchievementListTableViewCell.swift */ = {isa = PBXFileReference; fileEncoding = 4; lastKnownFileType = sourcecode.swift; path = AchievementListTableViewCell.swift; sourceTree = "<group>"; };
		EFA21A6C2C75A1BC008D31A9 /* AchievementListTableViewCellXIB.xib */ = {isa = PBXFileReference; fileEncoding = 4; lastKnownFileType = file.xib; path = AchievementListTableViewCellXIB.xib; sourceTree = "<group>"; };
		EFD423C62C733F9300D38B8F /* AchievementStickerEntity.swift */ = {isa = PBXFileReference; lastKnownFileType = sourcecode.swift; path = AchievementStickerEntity.swift; sourceTree = "<group>"; };
		EFD423D22C73525600D38B8F /* AchievementListViewController.swift */ = {isa = PBXFileReference; lastKnownFileType = sourcecode.swift; path = AchievementListViewController.swift; sourceTree = "<group>"; };
		EFD423D62C73553500D38B8F /* AchievementListViewControllerXIB.xib */ = {isa = PBXFileReference; lastKnownFileType = file.xib; path = AchievementListViewControllerXIB.xib; sourceTree = "<group>"; };
		EFE9293F2C6B42D80091FF02 /* piggy.app */ = {isa = PBXFileReference; explicitFileType = wrapper.application; includeInIndex = 0; path = piggy.app; sourceTree = BUILT_PRODUCTS_DIR; };
		EFE929422C6B42D80091FF02 /* piggyApp.swift */ = {isa = PBXFileReference; lastKnownFileType = sourcecode.swift; path = piggyApp.swift; sourceTree = "<group>"; };
		EFE929442C6B42D80091FF02 /* ContentView.swift */ = {isa = PBXFileReference; lastKnownFileType = sourcecode.swift; path = ContentView.swift; sourceTree = "<group>"; };
		EFE929462C6B42D90091FF02 /* Assets.xcassets */ = {isa = PBXFileReference; lastKnownFileType = folder.assetcatalog; path = Assets.xcassets; sourceTree = "<group>"; };
		EFE929492C6B42D90091FF02 /* Preview Assets.xcassets */ = {isa = PBXFileReference; lastKnownFileType = folder.assetcatalog; path = "Preview Assets.xcassets"; sourceTree = "<group>"; };
		EFE9294F2C6B42D90091FF02 /* piggyTests.xctest */ = {isa = PBXFileReference; explicitFileType = wrapper.cfbundle; includeInIndex = 0; path = piggyTests.xctest; sourceTree = BUILT_PRODUCTS_DIR; };
		EFE929532C6B42D90091FF02 /* piggyTests.swift */ = {isa = PBXFileReference; lastKnownFileType = sourcecode.swift; path = piggyTests.swift; sourceTree = "<group>"; };
		EFE929592C6B42D90091FF02 /* piggyUITests.xctest */ = {isa = PBXFileReference; explicitFileType = wrapper.cfbundle; includeInIndex = 0; path = piggyUITests.xctest; sourceTree = BUILT_PRODUCTS_DIR; };
		EFE9295D2C6B42D90091FF02 /* piggyUITests.swift */ = {isa = PBXFileReference; lastKnownFileType = sourcecode.swift; path = piggyUITests.swift; sourceTree = "<group>"; };
		EFE9295F2C6B42D90091FF02 /* piggyUITestsLaunchTests.swift */ = {isa = PBXFileReference; lastKnownFileType = sourcecode.swift; path = piggyUITestsLaunchTests.swift; sourceTree = "<group>"; };
		EFE929F42C6C91700091FF02 /* TransactionListEntity.swift */ = {isa = PBXFileReference; lastKnownFileType = sourcecode.swift; path = TransactionListEntity.swift; sourceTree = "<group>"; };
		EFE929F72C6C92A30091FF02 /* TransactionListUseCase.swift */ = {isa = PBXFileReference; lastKnownFileType = sourcecode.swift; path = TransactionListUseCase.swift; sourceTree = "<group>"; };
		EFE929FC2C6C92CF0091FF02 /* SaveTransactionListRequest.swift */ = {isa = PBXFileReference; lastKnownFileType = sourcecode.swift; path = SaveTransactionListRequest.swift; sourceTree = "<group>"; };
		EFE92A072C6CAE880091FF02 /* TransactionListLocalEntity.swift */ = {isa = PBXFileReference; lastKnownFileType = sourcecode.swift; path = TransactionListLocalEntity.swift; sourceTree = "<group>"; };
		EFE92A092C6CAFA10091FF02 /* SaveTransactionListRequestDTO.swift */ = {isa = PBXFileReference; lastKnownFileType = sourcecode.swift; path = SaveTransactionListRequestDTO.swift; sourceTree = "<group>"; };
		EFE92A0F2C6CB0A40091FF02 /* TransactionListResponseDTO.swift */ = {isa = PBXFileReference; lastKnownFileType = sourcecode.swift; path = TransactionListResponseDTO.swift; sourceTree = "<group>"; };
		EFE92A112C6CB1910091FF02 /* TransactionListRepository.swift */ = {isa = PBXFileReference; lastKnownFileType = sourcecode.swift; path = TransactionListRepository.swift; sourceTree = "<group>"; };
		EFE92A132C6CB2230091FF02 /* SwiftDataContextManager.swift */ = {isa = PBXFileReference; lastKnownFileType = sourcecode.swift; path = SwiftDataContextManager.swift; sourceTree = "<group>"; };
		EFE92A172C6CBCC70091FF02 /* NetworkError.swift */ = {isa = PBXFileReference; lastKnownFileType = sourcecode.swift; path = NetworkError.swift; sourceTree = "<group>"; };
		EFE92A192C6DC1270091FF02 /* LocalAchievementListTests.swift */ = {isa = PBXFileReference; lastKnownFileType = sourcecode.swift; path = LocalAchievementListTests.swift; sourceTree = "<group>"; };
		EFE92A1C2C6DC18C0091FF02 /* AchievementListLocalEntity.swift */ = {isa = PBXFileReference; fileEncoding = 4; lastKnownFileType = sourcecode.swift; path = AchievementListLocalEntity.swift; sourceTree = "<group>"; };
		EFE92A1E2C6DC18C0091FF02 /* SaveAchievementListRequestDTO.swift */ = {isa = PBXFileReference; fileEncoding = 4; lastKnownFileType = sourcecode.swift; path = SaveAchievementListRequestDTO.swift; sourceTree = "<group>"; };
		EFE92A1F2C6DC18C0091FF02 /* UpdateAchievementListRequestDTO.swift */ = {isa = PBXFileReference; fileEncoding = 4; lastKnownFileType = sourcecode.swift; path = UpdateAchievementListRequestDTO.swift; sourceTree = "<group>"; };
		EFE92A212C6DC18C0091FF02 /* AchievementListResponseDTO.swift */ = {isa = PBXFileReference; fileEncoding = 4; lastKnownFileType = sourcecode.swift; path = AchievementListResponseDTO.swift; sourceTree = "<group>"; };
		EFE92A242C6DC18C0091FF02 /* AchievementListRepository.swift */ = {isa = PBXFileReference; fileEncoding = 4; lastKnownFileType = sourcecode.swift; path = AchievementListRepository.swift; sourceTree = "<group>"; };
		EFE92A2C2C6DC1970091FF02 /* SaveAchievementListRequest.swift */ = {isa = PBXFileReference; fileEncoding = 4; lastKnownFileType = sourcecode.swift; path = SaveAchievementListRequest.swift; sourceTree = "<group>"; };
		EFE92A2D2C6DC1970091FF02 /* UpdateAchievementListRequest.swift */ = {isa = PBXFileReference; fileEncoding = 4; lastKnownFileType = sourcecode.swift; path = UpdateAchievementListRequest.swift; sourceTree = "<group>"; };
		EFE92A2F2C6DC1970091FF02 /* AchievementListEntity.swift */ = {isa = PBXFileReference; fileEncoding = 4; lastKnownFileType = sourcecode.swift; path = AchievementListEntity.swift; sourceTree = "<group>"; };
		EFE92A322C6DC1970091FF02 /* AchievementListUseCase.swift */ = {isa = PBXFileReference; fileEncoding = 4; lastKnownFileType = sourcecode.swift; path = AchievementListUseCase.swift; sourceTree = "<group>"; };
/* End PBXFileReference section */

/* Begin PBXFrameworksBuildPhase section */
		EFE9293C2C6B42D80091FF02 /* Frameworks */ = {
			isa = PBXFrameworksBuildPhase;
			buildActionMask = 2147483647;
			files = (
			);
			runOnlyForDeploymentPostprocessing = 0;
		};
		EFE9294C2C6B42D90091FF02 /* Frameworks */ = {
			isa = PBXFrameworksBuildPhase;
			buildActionMask = 2147483647;
			files = (
			);
			runOnlyForDeploymentPostprocessing = 0;
		};
		EFE929562C6B42D90091FF02 /* Frameworks */ = {
			isa = PBXFrameworksBuildPhase;
			buildActionMask = 2147483647;
			files = (
			);
			runOnlyForDeploymentPostprocessing = 0;
		};
/* End PBXFrameworksBuildPhase section */

/* Begin PBXGroup section */
		D947772E2C735CEC00F15A9B /* Coordinator */ = {
			isa = PBXGroup;
			children = (
				D947772F2C735D4900F15A9B /* TransactionListCoordinator.swift */,
			);
			path = Coordinator;
			sourceTree = "<group>";
		};
		D94777332C7652AF00F15A9B /* AddTransaction */ = {
			isa = PBXGroup;
			children = (
				D94777342C7652DC00F15A9B /* AddTransactionViewController.swift */,
				D94777562C76571D00F15A9B /* AddTransactionViewControllerRepresentable.swift */,
			);
			path = AddTransaction;
			sourceTree = "<group>";
		};
		D94777582C771F0C00F15A9B /* View */ = {
			isa = PBXGroup;
			children = (
				D947772C2C735C0400F15A9B /* TransactionListViewController.swift */,
				D94777312C75D6ED00F15A9B /* TransactionTableViewCell.swift */,
			);
			name = View;
			path = piggy/Modules/TransactionList/Scene/View;
			sourceTree = "<group>";
		};
		D94777592C771F1700F15A9B /* ViewModel */ = {
			isa = PBXGroup;
			children = (
				D947775A2C771FF900F15A9B /* TransactionListViewModel.swift */,
			);
			path = ViewModel;
			sourceTree = "<group>";
		};
		EF17E84F2C76E72300C131DA /* Component */ = {
			isa = PBXGroup;
			children = (
				EF17E8502C76E73700C131DA /* AchievementEmptyViewComponent.swift */,
				EF17E8662C77151000C131DA /* DraggableSticker.swift */,
			);
			path = Component;
			sourceTree = "<group>";
		};
		EF34110D2C747D0400AD1CDE /* ReusableComponents */ = {
			isa = PBXGroup;
			children = (
				EF34110E2C747D2600AD1CDE /* LoadingToast.swift */,
			);
			path = ReusableComponents;
			sourceTree = "<group>";
		};
		EF3411102C74824B00AD1CDE /* View */ = {
			isa = PBXGroup;
			children = (
				EF17E84F2C76E72300C131DA /* Component */,
				EFA21A6B2C75A1BC008D31A9 /* AchievementListTableViewCell.swift */,
				EFA21A6C2C75A1BC008D31A9 /* AchievementListTableViewCellXIB.xib */,
				EFD423D22C73525600D38B8F /* AchievementListViewController.swift */,
				EFD423D62C73553500D38B8F /* AchievementListViewControllerXIB.xib */,
				EF17E84D2C76DBC500C131DA /* AchievementView.swift */,
			);
			path = View;
			sourceTree = "<group>";
		};
		EF3411112C74825500AD1CDE /* ViewModel */ = {
			isa = PBXGroup;
			children = (
				EF3411122C74825F00AD1CDE /* AchievementListViewModel.swift */,
				EF17E8522C76EB9400C131DA /* AchievementListViewModelSwiftUI.swift */,
			);
			path = ViewModel;
			sourceTree = "<group>";
		};
		EF3411142C7482F900AD1CDE /* Coordinator */ = {
			isa = PBXGroup;
			children = (
				EF3411152C74830B00AD1CDE /* AchievementListCoordinator.swift */,
			);
			path = Coordinator;
			sourceTree = "<group>";
		};
		EFE929362C6B42D80091FF02 = {
			isa = PBXGroup;
			children = (
				EFE929412C6B42D80091FF02 /* piggy */,
				EFE929522C6B42D90091FF02 /* piggyTests */,
				EFE9295C2C6B42D90091FF02 /* piggyUITests */,
				EFE929402C6B42D80091FF02 /* Products */,
			);
			sourceTree = "<group>";
		};
		EFE929402C6B42D80091FF02 /* Products */ = {
			isa = PBXGroup;
			children = (
				EFE9293F2C6B42D80091FF02 /* piggy.app */,
				EFE9294F2C6B42D90091FF02 /* piggyTests.xctest */,
				EFE929592C6B42D90091FF02 /* piggyUITests.xctest */,
			);
			name = Products;
			sourceTree = "<group>";
		};
		EFE929412C6B42D80091FF02 /* piggy */ = {
			isa = PBXGroup;
			children = (
				EFE929422C6B42D80091FF02 /* piggyApp.swift */,
				EFE929442C6B42D80091FF02 /* ContentView.swift */,
				EFE9296C2C6B42DF0091FF02 /* Constants */,
				EFE9296D2C6B42E70091FF02 /* Helpers */,
				EFE9296E2C6B42EE0091FF02 /* Infrastructure */,
				EFE929ED2C6C90E10091FF02 /* Modules */,
				EFE929EE2C6C90F60091FF02 /* Resources */,
			);
			path = piggy;
			sourceTree = "<group>";
		};
		EFE929482C6B42D90091FF02 /* Preview Content */ = {
			isa = PBXGroup;
			children = (
				EFE929492C6B42D90091FF02 /* Preview Assets.xcassets */,
			);
			path = "Preview Content";
			sourceTree = "<group>";
		};
		EFE929522C6B42D90091FF02 /* piggyTests */ = {
			isa = PBXGroup;
			children = (
				EFE929532C6B42D90091FF02 /* piggyTests.swift */,
				EFE92A192C6DC1270091FF02 /* LocalAchievementListTests.swift */,
			);
			path = piggyTests;
			sourceTree = "<group>";
		};
		EFE9295C2C6B42D90091FF02 /* piggyUITests */ = {
			isa = PBXGroup;
			children = (
				EFE9295D2C6B42D90091FF02 /* piggyUITests.swift */,
				EFE9295F2C6B42D90091FF02 /* piggyUITestsLaunchTests.swift */,
			);
			path = piggyUITests;
			sourceTree = "<group>";
		};
		EFE9296C2C6B42DF0091FF02 /* Constants */ = {
			isa = PBXGroup;
			children = (
			);
			path = Constants;
			sourceTree = "<group>";
		};
		EFE9296D2C6B42E70091FF02 /* Helpers */ = {
			isa = PBXGroup;
			children = (
				EF3411092C747B8C00AD1CDE /* UITableViewCell+Extensions.swift */,
				EF34110B2C747C3400AD1CDE /* UIViewController+Extensions.swift */,
			);
			path = Helpers;
			sourceTree = "<group>";
		};
		EFE9296E2C6B42EE0091FF02 /* Infrastructure */ = {
			isa = PBXGroup;
			children = (
				EFE929702C6B43BD0091FF02 /* SwiftData */,
				EFE9296F2C6B43B70091FF02 /* Networking */,
			);
			path = Infrastructure;
			sourceTree = "<group>";
		};
		EFE9296F2C6B43B70091FF02 /* Networking */ = {
			isa = PBXGroup;
			children = (
				EFE92A172C6CBCC70091FF02 /* NetworkError.swift */,
				EF3411172C748B5300AD1CDE /* DataState.swift */,
			);
			path = Networking;
			sourceTree = "<group>";
		};
		EFE929702C6B43BD0091FF02 /* SwiftData */ = {
			isa = PBXGroup;
			children = (
				EFE92A132C6CB2230091FF02 /* SwiftDataContextManager.swift */,
			);
			path = SwiftData;
			sourceTree = "<group>";
		};
		EFE929ED2C6C90E10091FF02 /* Modules */ = {
			isa = PBXGroup;
			children = (
				D94777332C7652AF00F15A9B /* AddTransaction */,
				EFE92A1B2C6DC1550091FF02 /* AchievementList */,
				EFE929F12C6C91580091FF02 /* TransactionList */,
				EF34110D2C747D0400AD1CDE /* ReusableComponents */,
			);
			path = Modules;
			sourceTree = "<group>";
		};
		EFE929EE2C6C90F60091FF02 /* Resources */ = {
			isa = PBXGroup;
			children = (
				EFE929462C6B42D90091FF02 /* Assets.xcassets */,
				EFE929482C6B42D90091FF02 /* Preview Content */,
			);
			path = Resources;
			sourceTree = "<group>";
		};
		EFE929F12C6C91580091FF02 /* TransactionList */ = {
			isa = PBXGroup;
			children = (
				D947772E2C735CEC00F15A9B /* Coordinator */,
				EFE929FE2C6C94370091FF02 /* Data */,
				EFE929F22C6C91630091FF02 /* Domain */,
				EFE92A3A2C6DD2EE0091FF02 /* Scene */,
			);
			path = TransactionList;
			sourceTree = "<group>";
		};
		EFE929F22C6C91630091FF02 /* Domain */ = {
			isa = PBXGroup;
			children = (
				EFE929F32C6C91670091FF02 /* Entity */,
				EFE929F62C6C92920091FF02 /* UseCase */,
			);
			path = Domain;
			sourceTree = "<group>";
		};
		EFE929F32C6C91670091FF02 /* Entity */ = {
			isa = PBXGroup;
			children = (
				EFE92A052C6CAE6D0091FF02 /* Request */,
				EFE92A042C6CAE620091FF02 /* Response */,
			);
			path = Entity;
			sourceTree = "<group>";
		};
		EFE929F62C6C92920091FF02 /* UseCase */ = {
			isa = PBXGroup;
			children = (
				EFE929F72C6C92A30091FF02 /* TransactionListUseCase.swift */,
			);
			path = UseCase;
			sourceTree = "<group>";
		};
		EFE929FE2C6C94370091FF02 /* Data */ = {
			isa = PBXGroup;
			children = (
				EFE929FF2C6C94400091FF02 /* DTO */,
				EFE92A002C6C94450091FF02 /* Repository */,
			);
			path = Data;
			sourceTree = "<group>";
		};
		EFE929FF2C6C94400091FF02 /* DTO */ = {
			isa = PBXGroup;
			children = (
				EFE92A012C6CAD740091FF02 /* Local */,
				EFE92A022C6CAE540091FF02 /* Request */,
				EFE92A032C6CAE5A0091FF02 /* Response */,
			);
			path = DTO;
			sourceTree = "<group>";
		};
		EFE92A002C6C94450091FF02 /* Repository */ = {
			isa = PBXGroup;
			children = (
				EFE92A112C6CB1910091FF02 /* TransactionListRepository.swift */,
			);
			path = Repository;
			sourceTree = "<group>";
		};
		EFE92A012C6CAD740091FF02 /* Local */ = {
			isa = PBXGroup;
			children = (
				EFE92A072C6CAE880091FF02 /* TransactionListLocalEntity.swift */,
			);
			path = Local;
			sourceTree = "<group>";
		};
		EFE92A022C6CAE540091FF02 /* Request */ = {
			isa = PBXGroup;
			children = (
				EFE92A092C6CAFA10091FF02 /* SaveTransactionListRequestDTO.swift */,
			);
			path = Request;
			sourceTree = "<group>";
		};
		EFE92A032C6CAE5A0091FF02 /* Response */ = {
			isa = PBXGroup;
			children = (
				EFE92A0F2C6CB0A40091FF02 /* TransactionListResponseDTO.swift */,
			);
			path = Response;
			sourceTree = "<group>";
		};
		EFE92A042C6CAE620091FF02 /* Response */ = {
			isa = PBXGroup;
			children = (
				EFE929F42C6C91700091FF02 /* TransactionListEntity.swift */,
			);
			path = Response;
			sourceTree = "<group>";
		};
		EFE92A052C6CAE6D0091FF02 /* Request */ = {
			isa = PBXGroup;
			children = (
				EFE929FC2C6C92CF0091FF02 /* SaveTransactionListRequest.swift */,
			);
			path = Request;
			sourceTree = "<group>";
		};
		EFE92A1B2C6DC1550091FF02 /* AchievementList */ = {
			isa = PBXGroup;
			children = (
				EF3411142C7482F900AD1CDE /* Coordinator */,
				EFE92A262C6DC18C0091FF02 /* Data */,
				EFE92A342C6DC1970091FF02 /* Domain */,
				EFE92A392C6DD2E10091FF02 /* Scene */,
			);
			path = AchievementList;
			sourceTree = "<group>";
		};
		EFE92A1D2C6DC18C0091FF02 /* Local */ = {
			isa = PBXGroup;
			children = (
				EFE92A1C2C6DC18C0091FF02 /* AchievementListLocalEntity.swift */,
				EF17E8542C77038F00C131DA /* AchievementStickerLocalEntity.swift */,
			);
			path = Local;
			sourceTree = "<group>";
		};
		EFE92A202C6DC18C0091FF02 /* Request */ = {
			isa = PBXGroup;
			children = (
				EFE92A1E2C6DC18C0091FF02 /* SaveAchievementListRequestDTO.swift */,
				EFE92A1F2C6DC18C0091FF02 /* UpdateAchievementListRequestDTO.swift */,
				EF17E8562C7704AD00C131DA /* SaveStickerRequestDTO.swift */,
				EF17E8582C7704B500C131DA /* UpdateStickerRequestDTO.swift */,
			);
			path = Request;
			sourceTree = "<group>";
		};
		EFE92A222C6DC18C0091FF02 /* Response */ = {
			isa = PBXGroup;
			children = (
				EFE92A212C6DC18C0091FF02 /* AchievementListResponseDTO.swift */,
				EF17E85A2C7705A600C131DA /* AchievementStickerResponseDTO.swift */,
			);
			path = Response;
			sourceTree = "<group>";
		};
		EFE92A232C6DC18C0091FF02 /* DTO */ = {
			isa = PBXGroup;
			children = (
				EFE92A1D2C6DC18C0091FF02 /* Local */,
				EFE92A202C6DC18C0091FF02 /* Request */,
				EFE92A222C6DC18C0091FF02 /* Response */,
			);
			path = DTO;
			sourceTree = "<group>";
		};
		EFE92A252C6DC18C0091FF02 /* Repository */ = {
			isa = PBXGroup;
			children = (
				EFE92A242C6DC18C0091FF02 /* AchievementListRepository.swift */,
				EF17E85C2C77074600C131DA /* AchievementStickerRepository.swift */,
			);
			path = Repository;
			sourceTree = "<group>";
		};
		EFE92A262C6DC18C0091FF02 /* Data */ = {
			isa = PBXGroup;
			children = (
				EFE92A232C6DC18C0091FF02 /* DTO */,
				EFE92A252C6DC18C0091FF02 /* Repository */,
			);
			path = Data;
			sourceTree = "<group>";
		};
		EFE92A2E2C6DC1970091FF02 /* Request */ = {
			isa = PBXGroup;
			children = (
				EFE92A2C2C6DC1970091FF02 /* SaveAchievementListRequest.swift */,
				EFE92A2D2C6DC1970091FF02 /* UpdateAchievementListRequest.swift */,
				EF17E8622C770A3D00C131DA /* SaveAchievementStickerRequest.swift */,
				EF17E8642C770A4400C131DA /* UpdateAchievementStickerRequest.swift */,
			);
			path = Request;
			sourceTree = "<group>";
		};
		EFE92A302C6DC1970091FF02 /* Response */ = {
			isa = PBXGroup;
			children = (
				EFE92A2F2C6DC1970091FF02 /* AchievementListEntity.swift */,
				EFD423C62C733F9300D38B8F /* AchievementStickerEntity.swift */,
			);
			path = Response;
			sourceTree = "<group>";
		};
		EFE92A312C6DC1970091FF02 /* Entity */ = {
			isa = PBXGroup;
			children = (
				EFE92A2E2C6DC1970091FF02 /* Request */,
				EFE92A302C6DC1970091FF02 /* Response */,
			);
			path = Entity;
			sourceTree = "<group>";
		};
		EFE92A332C6DC1970091FF02 /* UseCase */ = {
			isa = PBXGroup;
			children = (
				EFE92A322C6DC1970091FF02 /* AchievementListUseCase.swift */,
				EF17E85E2C770A0600C131DA /* AchievementStickerUseCase.swift */,
			);
			path = UseCase;
			sourceTree = "<group>";
		};
		EFE92A342C6DC1970091FF02 /* Domain */ = {
			isa = PBXGroup;
			children = (
				EFE92A312C6DC1970091FF02 /* Entity */,
				EFE92A332C6DC1970091FF02 /* UseCase */,
			);
			path = Domain;
			sourceTree = "<group>";
		};
		EFE92A392C6DD2E10091FF02 /* Scene */ = {
			isa = PBXGroup;
			children = (
				EF3411102C74824B00AD1CDE /* View */,
				EF3411112C74825500AD1CDE /* ViewModel */,
			);
			path = Scene;
			sourceTree = "<group>";
		};
		EFE92A3A2C6DD2EE0091FF02 /* Scene */ = {
			isa = PBXGroup;
			children = (
				D94777592C771F1700F15A9B /* ViewModel */,
				D94777582C771F0C00F15A9B /* View */,
			);
			path = Scene;
			sourceTree = "<group>";
		};
/* End PBXGroup section */

/* Begin PBXNativeTarget section */
		EFE9293E2C6B42D80091FF02 /* piggy */ = {
			isa = PBXNativeTarget;
			buildConfigurationList = EFE929632C6B42D90091FF02 /* Build configuration list for PBXNativeTarget "piggy" */;
			buildPhases = (
				EFE9293B2C6B42D80091FF02 /* Sources */,
				EFE9293C2C6B42D80091FF02 /* Frameworks */,
				EFE9293D2C6B42D80091FF02 /* Resources */,
			);
			buildRules = (
			);
			dependencies = (
			);
			name = piggy;
			productName = piggy;
			productReference = EFE9293F2C6B42D80091FF02 /* piggy.app */;
			productType = "com.apple.product-type.application";
		};
		EFE9294E2C6B42D90091FF02 /* piggyTests */ = {
			isa = PBXNativeTarget;
			buildConfigurationList = EFE929662C6B42D90091FF02 /* Build configuration list for PBXNativeTarget "piggyTests" */;
			buildPhases = (
				EFE9294B2C6B42D90091FF02 /* Sources */,
				EFE9294C2C6B42D90091FF02 /* Frameworks */,
				EFE9294D2C6B42D90091FF02 /* Resources */,
			);
			buildRules = (
			);
			dependencies = (
				EFE929512C6B42D90091FF02 /* PBXTargetDependency */,
			);
			name = piggyTests;
			productName = piggyTests;
			productReference = EFE9294F2C6B42D90091FF02 /* piggyTests.xctest */;
			productType = "com.apple.product-type.bundle.unit-test";
		};
		EFE929582C6B42D90091FF02 /* piggyUITests */ = {
			isa = PBXNativeTarget;
			buildConfigurationList = EFE929692C6B42D90091FF02 /* Build configuration list for PBXNativeTarget "piggyUITests" */;
			buildPhases = (
				EFE929552C6B42D90091FF02 /* Sources */,
				EFE929562C6B42D90091FF02 /* Frameworks */,
				EFE929572C6B42D90091FF02 /* Resources */,
			);
			buildRules = (
			);
			dependencies = (
				EFE9295B2C6B42D90091FF02 /* PBXTargetDependency */,
			);
			name = piggyUITests;
			productName = piggyUITests;
			productReference = EFE929592C6B42D90091FF02 /* piggyUITests.xctest */;
			productType = "com.apple.product-type.bundle.ui-testing";
		};
/* End PBXNativeTarget section */

/* Begin PBXProject section */
		EFE929372C6B42D80091FF02 /* Project object */ = {
			isa = PBXProject;
			attributes = {
				BuildIndependentTargetsInParallel = 1;
				LastSwiftUpdateCheck = 1540;
				LastUpgradeCheck = 1540;
				TargetAttributes = {
					EFE9293E2C6B42D80091FF02 = {
						CreatedOnToolsVersion = 15.4;
					};
					EFE9294E2C6B42D90091FF02 = {
						CreatedOnToolsVersion = 15.4;
						TestTargetID = EFE9293E2C6B42D80091FF02;
					};
					EFE929582C6B42D90091FF02 = {
						CreatedOnToolsVersion = 15.4;
						TestTargetID = EFE9293E2C6B42D80091FF02;
					};
				};
			};
			buildConfigurationList = EFE9293A2C6B42D80091FF02 /* Build configuration list for PBXProject "piggy" */;
			compatibilityVersion = "Xcode 14.0";
			developmentRegion = en;
			hasScannedForEncodings = 0;
			knownRegions = (
				en,
				Base,
			);
			mainGroup = EFE929362C6B42D80091FF02;
			productRefGroup = EFE929402C6B42D80091FF02 /* Products */;
			projectDirPath = "";
			projectRoot = "";
			targets = (
				EFE9293E2C6B42D80091FF02 /* piggy */,
				EFE9294E2C6B42D90091FF02 /* piggyTests */,
				EFE929582C6B42D90091FF02 /* piggyUITests */,
			);
		};
/* End PBXProject section */

/* Begin PBXResourcesBuildPhase section */
		EFE9293D2C6B42D80091FF02 /* Resources */ = {
			isa = PBXResourcesBuildPhase;
			buildActionMask = 2147483647;
			files = (
				EFA21A6E2C75A1BC008D31A9 /* AchievementListTableViewCellXIB.xib in Resources */,
				EFE9294A2C6B42D90091FF02 /* Preview Assets.xcassets in Resources */,
				EFD423D72C73553500D38B8F /* AchievementListViewControllerXIB.xib in Resources */,
				EFE929472C6B42D90091FF02 /* Assets.xcassets in Resources */,
			);
			runOnlyForDeploymentPostprocessing = 0;
		};
		EFE9294D2C6B42D90091FF02 /* Resources */ = {
			isa = PBXResourcesBuildPhase;
			buildActionMask = 2147483647;
			files = (
			);
			runOnlyForDeploymentPostprocessing = 0;
		};
		EFE929572C6B42D90091FF02 /* Resources */ = {
			isa = PBXResourcesBuildPhase;
			buildActionMask = 2147483647;
			files = (
			);
			runOnlyForDeploymentPostprocessing = 0;
		};
/* End PBXResourcesBuildPhase section */

/* Begin PBXSourcesBuildPhase section */
		EFE9293B2C6B42D80091FF02 /* Sources */ = {
			isa = PBXSourcesBuildPhase;
			buildActionMask = 2147483647;
			files = (
				EF17E8632C770A3D00C131DA /* SaveAchievementStickerRequest.swift in Sources */,
				EFE92A2B2C6DC18C0091FF02 /* AchievementListRepository.swift in Sources */,
				EF17E8652C770A4400C131DA /* UpdateAchievementStickerRequest.swift in Sources */,
				EFE92A2A2C6DC18C0091FF02 /* AchievementListResponseDTO.swift in Sources */,
				D94777302C735D4900F15A9B /* TransactionListCoordinator.swift in Sources */,
				EF17E85D2C77074600C131DA /* AchievementStickerRepository.swift in Sources */,
				EFD423D32C73525600D38B8F /* AchievementListViewController.swift in Sources */,
				EFE929452C6B42D80091FF02 /* ContentView.swift in Sources */,
				EF3411132C74825F00AD1CDE /* AchievementListViewModel.swift in Sources */,
				EF17E8512C76E73700C131DA /* AchievementEmptyViewComponent.swift in Sources */,
				EF17E85B2C7705A600C131DA /* AchievementStickerResponseDTO.swift in Sources */,
				EFE929F52C6C91700091FF02 /* TransactionListEntity.swift in Sources */,
				EFE929F82C6C92A30091FF02 /* TransactionListUseCase.swift in Sources */,
				EFE929432C6B42D80091FF02 /* piggyApp.swift in Sources */,
				D94777572C76571D00F15A9B /* AddTransactionViewControllerRepresentable.swift in Sources */,
				EF17E8552C77038F00C131DA /* AchievementStickerLocalEntity.swift in Sources */,
				EF17E8572C7704AD00C131DA /* SaveStickerRequestDTO.swift in Sources */,
				EFE92A102C6CB0A40091FF02 /* TransactionListResponseDTO.swift in Sources */,
				EFE92A292C6DC18C0091FF02 /* UpdateAchievementListRequestDTO.swift in Sources */,
				EFA21A6D2C75A1BC008D31A9 /* AchievementListTableViewCell.swift in Sources */,
				EF34110F2C747D2600AD1CDE /* LoadingToast.swift in Sources */,
				EFE92A282C6DC18C0091FF02 /* SaveAchievementListRequestDTO.swift in Sources */,
				EFD423C72C733F9300D38B8F /* AchievementStickerEntity.swift in Sources */,
				EFE92A372C6DC1970091FF02 /* AchievementListEntity.swift in Sources */,
				D947772D2C735C0400F15A9B /* TransactionListViewController.swift in Sources */,
				EF17E8672C77151000C131DA /* DraggableSticker.swift in Sources */,
				EFE92A272C6DC18C0091FF02 /* AchievementListLocalEntity.swift in Sources */,
				EFE92A362C6DC1970091FF02 /* UpdateAchievementListRequest.swift in Sources */,
				EF3411182C748B5300AD1CDE /* DataState.swift in Sources */,
				EF17E8592C7704B500C131DA /* UpdateStickerRequestDTO.swift in Sources */,
				EF17E85F2C770A0600C131DA /* AchievementStickerUseCase.swift in Sources */,
				EF17E8532C76EB9400C131DA /* AchievementListViewModelSwiftUI.swift in Sources */,
				EF3411162C74830B00AD1CDE /* AchievementListCoordinator.swift in Sources */,
				EF17E84E2C76DBC500C131DA /* AchievementView.swift in Sources */,
				D94777322C75D6ED00F15A9B /* TransactionTableViewCell.swift in Sources */,
				D94777352C7652DC00F15A9B /* AddTransactionViewController.swift in Sources */,
				D947775B2C771FF900F15A9B /* TransactionListViewModel.swift in Sources */,
				EFE92A382C6DC1970091FF02 /* AchievementListUseCase.swift in Sources */,
				EFE92A142C6CB2230091FF02 /* SwiftDataContextManager.swift in Sources */,
				EFE929FD2C6C92CF0091FF02 /* SaveTransactionListRequest.swift in Sources */,
				EFE92A352C6DC1970091FF02 /* SaveAchievementListRequest.swift in Sources */,
				EFE92A082C6CAE880091FF02 /* TransactionListLocalEntity.swift in Sources */,
				EF34110C2C747C3400AD1CDE /* UIViewController+Extensions.swift in Sources */,
				EF34110A2C747B8C00AD1CDE /* UITableViewCell+Extensions.swift in Sources */,
				EFE92A182C6CBCC70091FF02 /* NetworkError.swift in Sources */,
				EFE92A122C6CB1920091FF02 /* TransactionListRepository.swift in Sources */,
				EFE92A0A2C6CAFA10091FF02 /* SaveTransactionListRequestDTO.swift in Sources */,
			);
			runOnlyForDeploymentPostprocessing = 0;
		};
		EFE9294B2C6B42D90091FF02 /* Sources */ = {
			isa = PBXSourcesBuildPhase;
			buildActionMask = 2147483647;
			files = (
				EFE929542C6B42D90091FF02 /* piggyTests.swift in Sources */,
				EFE92A1A2C6DC1270091FF02 /* LocalAchievementListTests.swift in Sources */,
			);
			runOnlyForDeploymentPostprocessing = 0;
		};
		EFE929552C6B42D90091FF02 /* Sources */ = {
			isa = PBXSourcesBuildPhase;
			buildActionMask = 2147483647;
			files = (
				EFE9295E2C6B42D90091FF02 /* piggyUITests.swift in Sources */,
				EFE929602C6B42D90091FF02 /* piggyUITestsLaunchTests.swift in Sources */,
			);
			runOnlyForDeploymentPostprocessing = 0;
		};
/* End PBXSourcesBuildPhase section */

/* Begin PBXTargetDependency section */
		EFE929512C6B42D90091FF02 /* PBXTargetDependency */ = {
			isa = PBXTargetDependency;
			target = EFE9293E2C6B42D80091FF02 /* piggy */;
			targetProxy = EFE929502C6B42D90091FF02 /* PBXContainerItemProxy */;
		};
		EFE9295B2C6B42D90091FF02 /* PBXTargetDependency */ = {
			isa = PBXTargetDependency;
			target = EFE9293E2C6B42D80091FF02 /* piggy */;
			targetProxy = EFE9295A2C6B42D90091FF02 /* PBXContainerItemProxy */;
		};
/* End PBXTargetDependency section */

/* Begin XCBuildConfiguration section */
		EFE929612C6B42D90091FF02 /* Debug */ = {
			isa = XCBuildConfiguration;
			buildSettings = {
				ALWAYS_SEARCH_USER_PATHS = NO;
				ASSETCATALOG_COMPILER_GENERATE_SWIFT_ASSET_SYMBOL_EXTENSIONS = YES;
				CLANG_ANALYZER_NONNULL = YES;
				CLANG_ANALYZER_NUMBER_OBJECT_CONVERSION = YES_AGGRESSIVE;
				CLANG_CXX_LANGUAGE_STANDARD = "gnu++20";
				CLANG_ENABLE_MODULES = YES;
				CLANG_ENABLE_OBJC_ARC = YES;
				CLANG_ENABLE_OBJC_WEAK = YES;
				CLANG_WARN_BLOCK_CAPTURE_AUTORELEASING = YES;
				CLANG_WARN_BOOL_CONVERSION = YES;
				CLANG_WARN_COMMA = YES;
				CLANG_WARN_CONSTANT_CONVERSION = YES;
				CLANG_WARN_DEPRECATED_OBJC_IMPLEMENTATIONS = YES;
				CLANG_WARN_DIRECT_OBJC_ISA_USAGE = YES_ERROR;
				CLANG_WARN_DOCUMENTATION_COMMENTS = YES;
				CLANG_WARN_EMPTY_BODY = YES;
				CLANG_WARN_ENUM_CONVERSION = YES;
				CLANG_WARN_INFINITE_RECURSION = YES;
				CLANG_WARN_INT_CONVERSION = YES;
				CLANG_WARN_NON_LITERAL_NULL_CONVERSION = YES;
				CLANG_WARN_OBJC_IMPLICIT_RETAIN_SELF = YES;
				CLANG_WARN_OBJC_LITERAL_CONVERSION = YES;
				CLANG_WARN_OBJC_ROOT_CLASS = YES_ERROR;
				CLANG_WARN_QUOTED_INCLUDE_IN_FRAMEWORK_HEADER = YES;
				CLANG_WARN_RANGE_LOOP_ANALYSIS = YES;
				CLANG_WARN_STRICT_PROTOTYPES = YES;
				CLANG_WARN_SUSPICIOUS_MOVE = YES;
				CLANG_WARN_UNGUARDED_AVAILABILITY = YES_AGGRESSIVE;
				CLANG_WARN_UNREACHABLE_CODE = YES;
				CLANG_WARN__DUPLICATE_METHOD_MATCH = YES;
				COPY_PHASE_STRIP = NO;
				DEBUG_INFORMATION_FORMAT = dwarf;
				ENABLE_STRICT_OBJC_MSGSEND = YES;
				ENABLE_TESTABILITY = YES;
				ENABLE_USER_SCRIPT_SANDBOXING = YES;
				GCC_C_LANGUAGE_STANDARD = gnu17;
				GCC_DYNAMIC_NO_PIC = NO;
				GCC_NO_COMMON_BLOCKS = YES;
				GCC_OPTIMIZATION_LEVEL = 0;
				GCC_PREPROCESSOR_DEFINITIONS = (
					"DEBUG=1",
					"$(inherited)",
				);
				GCC_WARN_64_TO_32_BIT_CONVERSION = YES;
				GCC_WARN_ABOUT_RETURN_TYPE = YES_ERROR;
				GCC_WARN_UNDECLARED_SELECTOR = YES;
				GCC_WARN_UNINITIALIZED_AUTOS = YES_AGGRESSIVE;
				GCC_WARN_UNUSED_FUNCTION = YES;
				GCC_WARN_UNUSED_VARIABLE = YES;
				IPHONEOS_DEPLOYMENT_TARGET = 17.5;
				LOCALIZATION_PREFERS_STRING_CATALOGS = YES;
				MTL_ENABLE_DEBUG_INFO = INCLUDE_SOURCE;
				MTL_FAST_MATH = YES;
				ONLY_ACTIVE_ARCH = YES;
				SDKROOT = iphoneos;
				SWIFT_ACTIVE_COMPILATION_CONDITIONS = "DEBUG $(inherited)";
				SWIFT_OPTIMIZATION_LEVEL = "-Onone";
			};
			name = Debug;
		};
		EFE929622C6B42D90091FF02 /* Release */ = {
			isa = XCBuildConfiguration;
			buildSettings = {
				ALWAYS_SEARCH_USER_PATHS = NO;
				ASSETCATALOG_COMPILER_GENERATE_SWIFT_ASSET_SYMBOL_EXTENSIONS = YES;
				CLANG_ANALYZER_NONNULL = YES;
				CLANG_ANALYZER_NUMBER_OBJECT_CONVERSION = YES_AGGRESSIVE;
				CLANG_CXX_LANGUAGE_STANDARD = "gnu++20";
				CLANG_ENABLE_MODULES = YES;
				CLANG_ENABLE_OBJC_ARC = YES;
				CLANG_ENABLE_OBJC_WEAK = YES;
				CLANG_WARN_BLOCK_CAPTURE_AUTORELEASING = YES;
				CLANG_WARN_BOOL_CONVERSION = YES;
				CLANG_WARN_COMMA = YES;
				CLANG_WARN_CONSTANT_CONVERSION = YES;
				CLANG_WARN_DEPRECATED_OBJC_IMPLEMENTATIONS = YES;
				CLANG_WARN_DIRECT_OBJC_ISA_USAGE = YES_ERROR;
				CLANG_WARN_DOCUMENTATION_COMMENTS = YES;
				CLANG_WARN_EMPTY_BODY = YES;
				CLANG_WARN_ENUM_CONVERSION = YES;
				CLANG_WARN_INFINITE_RECURSION = YES;
				CLANG_WARN_INT_CONVERSION = YES;
				CLANG_WARN_NON_LITERAL_NULL_CONVERSION = YES;
				CLANG_WARN_OBJC_IMPLICIT_RETAIN_SELF = YES;
				CLANG_WARN_OBJC_LITERAL_CONVERSION = YES;
				CLANG_WARN_OBJC_ROOT_CLASS = YES_ERROR;
				CLANG_WARN_QUOTED_INCLUDE_IN_FRAMEWORK_HEADER = YES;
				CLANG_WARN_RANGE_LOOP_ANALYSIS = YES;
				CLANG_WARN_STRICT_PROTOTYPES = YES;
				CLANG_WARN_SUSPICIOUS_MOVE = YES;
				CLANG_WARN_UNGUARDED_AVAILABILITY = YES_AGGRESSIVE;
				CLANG_WARN_UNREACHABLE_CODE = YES;
				CLANG_WARN__DUPLICATE_METHOD_MATCH = YES;
				COPY_PHASE_STRIP = NO;
				DEBUG_INFORMATION_FORMAT = "dwarf-with-dsym";
				ENABLE_NS_ASSERTIONS = NO;
				ENABLE_STRICT_OBJC_MSGSEND = YES;
				ENABLE_USER_SCRIPT_SANDBOXING = YES;
				GCC_C_LANGUAGE_STANDARD = gnu17;
				GCC_NO_COMMON_BLOCKS = YES;
				GCC_WARN_64_TO_32_BIT_CONVERSION = YES;
				GCC_WARN_ABOUT_RETURN_TYPE = YES_ERROR;
				GCC_WARN_UNDECLARED_SELECTOR = YES;
				GCC_WARN_UNINITIALIZED_AUTOS = YES_AGGRESSIVE;
				GCC_WARN_UNUSED_FUNCTION = YES;
				GCC_WARN_UNUSED_VARIABLE = YES;
				IPHONEOS_DEPLOYMENT_TARGET = 17.5;
				LOCALIZATION_PREFERS_STRING_CATALOGS = YES;
				MTL_ENABLE_DEBUG_INFO = NO;
				MTL_FAST_MATH = YES;
				SDKROOT = iphoneos;
				SWIFT_COMPILATION_MODE = wholemodule;
				VALIDATE_PRODUCT = YES;
			};
			name = Release;
		};
		EFE929642C6B42D90091FF02 /* Debug */ = {
			isa = XCBuildConfiguration;
			buildSettings = {
				ASSETCATALOG_COMPILER_APPICON_NAME = AppIcon;
				ASSETCATALOG_COMPILER_GLOBAL_ACCENT_COLOR_NAME = AccentColor;
				CODE_SIGN_STYLE = Automatic;
				CURRENT_PROJECT_VERSION = 1;
				DEVELOPMENT_ASSET_PATHS = "\"piggy/Resources/Preview Content\"";
				DEVELOPMENT_TEAM = DP3K3GBL6K;
				ENABLE_PREVIEWS = YES;
				GENERATE_INFOPLIST_FILE = YES;
				INFOPLIST_KEY_UIApplicationSceneManifest_Generation = YES;
				INFOPLIST_KEY_UIApplicationSupportsIndirectInputEvents = YES;
				INFOPLIST_KEY_UILaunchScreen_Generation = YES;
				INFOPLIST_KEY_UISupportedInterfaceOrientations_iPad = "UIInterfaceOrientationPortrait UIInterfaceOrientationPortraitUpsideDown UIInterfaceOrientationLandscapeLeft UIInterfaceOrientationLandscapeRight";
				INFOPLIST_KEY_UISupportedInterfaceOrientations_iPhone = "UIInterfaceOrientationPortrait UIInterfaceOrientationLandscapeLeft UIInterfaceOrientationLandscapeRight";
				LD_RUNPATH_SEARCH_PATHS = (
					"$(inherited)",
					"@executable_path/Frameworks",
				);
				MARKETING_VERSION = 1.0;
				PRODUCT_BUNDLE_IDENTIFIER = com.dasontio.piggy;
				PRODUCT_NAME = "$(TARGET_NAME)";
				SWIFT_EMIT_LOC_STRINGS = YES;
				SWIFT_VERSION = 5.0;
				TARGETED_DEVICE_FAMILY = "1,2";
			};
			name = Debug;
		};
		EFE929652C6B42D90091FF02 /* Release */ = {
			isa = XCBuildConfiguration;
			buildSettings = {
				ASSETCATALOG_COMPILER_APPICON_NAME = AppIcon;
				ASSETCATALOG_COMPILER_GLOBAL_ACCENT_COLOR_NAME = AccentColor;
				CODE_SIGN_STYLE = Automatic;
				CURRENT_PROJECT_VERSION = 1;
				DEVELOPMENT_ASSET_PATHS = "\"piggy/Resources/Preview Content\"";
				DEVELOPMENT_TEAM = DP3K3GBL6K;
				ENABLE_PREVIEWS = YES;
				GENERATE_INFOPLIST_FILE = YES;
				INFOPLIST_KEY_UIApplicationSceneManifest_Generation = YES;
				INFOPLIST_KEY_UIApplicationSupportsIndirectInputEvents = YES;
				INFOPLIST_KEY_UILaunchScreen_Generation = YES;
				INFOPLIST_KEY_UISupportedInterfaceOrientations_iPad = "UIInterfaceOrientationPortrait UIInterfaceOrientationPortraitUpsideDown UIInterfaceOrientationLandscapeLeft UIInterfaceOrientationLandscapeRight";
				INFOPLIST_KEY_UISupportedInterfaceOrientations_iPhone = "UIInterfaceOrientationPortrait UIInterfaceOrientationLandscapeLeft UIInterfaceOrientationLandscapeRight";
				LD_RUNPATH_SEARCH_PATHS = (
					"$(inherited)",
					"@executable_path/Frameworks",
				);
				MARKETING_VERSION = 1.0;
				PRODUCT_BUNDLE_IDENTIFIER = com.dasontio.piggy;
				PRODUCT_NAME = "$(TARGET_NAME)";
				SWIFT_EMIT_LOC_STRINGS = YES;
				SWIFT_VERSION = 5.0;
				TARGETED_DEVICE_FAMILY = "1,2";
			};
			name = Release;
		};
		EFE929672C6B42D90091FF02 /* Debug */ = {
			isa = XCBuildConfiguration;
			buildSettings = {
				ALWAYS_EMBED_SWIFT_STANDARD_LIBRARIES = YES;
				BUNDLE_LOADER = "$(TEST_HOST)";
				CODE_SIGN_STYLE = Automatic;
				CURRENT_PROJECT_VERSION = 1;
				DEVELOPMENT_TEAM = DP3K3GBL6K;
				GENERATE_INFOPLIST_FILE = YES;
				IPHONEOS_DEPLOYMENT_TARGET = 17.5;
				MARKETING_VERSION = 1.0;
				PRODUCT_BUNDLE_IDENTIFIER = com.dasontio.piggyTests;
				PRODUCT_NAME = "$(TARGET_NAME)";
				SWIFT_EMIT_LOC_STRINGS = NO;
				SWIFT_VERSION = 5.0;
				TARGETED_DEVICE_FAMILY = "1,2";
				TEST_HOST = "$(BUILT_PRODUCTS_DIR)/piggy.app/$(BUNDLE_EXECUTABLE_FOLDER_PATH)/piggy";
			};
			name = Debug;
		};
		EFE929682C6B42D90091FF02 /* Release */ = {
			isa = XCBuildConfiguration;
			buildSettings = {
				ALWAYS_EMBED_SWIFT_STANDARD_LIBRARIES = YES;
				BUNDLE_LOADER = "$(TEST_HOST)";
				CODE_SIGN_STYLE = Automatic;
				CURRENT_PROJECT_VERSION = 1;
				DEVELOPMENT_TEAM = DP3K3GBL6K;
				GENERATE_INFOPLIST_FILE = YES;
				IPHONEOS_DEPLOYMENT_TARGET = 17.5;
				MARKETING_VERSION = 1.0;
				PRODUCT_BUNDLE_IDENTIFIER = com.dasontio.piggyTests;
				PRODUCT_NAME = "$(TARGET_NAME)";
				SWIFT_EMIT_LOC_STRINGS = NO;
				SWIFT_VERSION = 5.0;
				TARGETED_DEVICE_FAMILY = "1,2";
				TEST_HOST = "$(BUILT_PRODUCTS_DIR)/piggy.app/$(BUNDLE_EXECUTABLE_FOLDER_PATH)/piggy";
			};
			name = Release;
		};
		EFE9296A2C6B42D90091FF02 /* Debug */ = {
			isa = XCBuildConfiguration;
			buildSettings = {
				ALWAYS_EMBED_SWIFT_STANDARD_LIBRARIES = YES;
				CODE_SIGN_STYLE = Automatic;
				CURRENT_PROJECT_VERSION = 1;
				DEVELOPMENT_TEAM = DP3K3GBL6K;
				GENERATE_INFOPLIST_FILE = YES;
				MARKETING_VERSION = 1.0;
				PRODUCT_BUNDLE_IDENTIFIER = com.dasontio.piggyUITests;
				PRODUCT_NAME = "$(TARGET_NAME)";
				SWIFT_EMIT_LOC_STRINGS = NO;
				SWIFT_VERSION = 5.0;
				TARGETED_DEVICE_FAMILY = "1,2";
				TEST_TARGET_NAME = piggy;
			};
			name = Debug;
		};
		EFE9296B2C6B42D90091FF02 /* Release */ = {
			isa = XCBuildConfiguration;
			buildSettings = {
				ALWAYS_EMBED_SWIFT_STANDARD_LIBRARIES = YES;
				CODE_SIGN_STYLE = Automatic;
				CURRENT_PROJECT_VERSION = 1;
				DEVELOPMENT_TEAM = DP3K3GBL6K;
				GENERATE_INFOPLIST_FILE = YES;
				MARKETING_VERSION = 1.0;
				PRODUCT_BUNDLE_IDENTIFIER = com.dasontio.piggyUITests;
				PRODUCT_NAME = "$(TARGET_NAME)";
				SWIFT_EMIT_LOC_STRINGS = NO;
				SWIFT_VERSION = 5.0;
				TARGETED_DEVICE_FAMILY = "1,2";
				TEST_TARGET_NAME = piggy;
			};
			name = Release;
		};
/* End XCBuildConfiguration section */

/* Begin XCConfigurationList section */
		EFE9293A2C6B42D80091FF02 /* Build configuration list for PBXProject "piggy" */ = {
			isa = XCConfigurationList;
			buildConfigurations = (
				EFE929612C6B42D90091FF02 /* Debug */,
				EFE929622C6B42D90091FF02 /* Release */,
			);
			defaultConfigurationIsVisible = 0;
			defaultConfigurationName = Release;
		};
		EFE929632C6B42D90091FF02 /* Build configuration list for PBXNativeTarget "piggy" */ = {
			isa = XCConfigurationList;
			buildConfigurations = (
				EFE929642C6B42D90091FF02 /* Debug */,
				EFE929652C6B42D90091FF02 /* Release */,
			);
			defaultConfigurationIsVisible = 0;
			defaultConfigurationName = Release;
		};
		EFE929662C6B42D90091FF02 /* Build configuration list for PBXNativeTarget "piggyTests" */ = {
			isa = XCConfigurationList;
			buildConfigurations = (
				EFE929672C6B42D90091FF02 /* Debug */,
				EFE929682C6B42D90091FF02 /* Release */,
			);
			defaultConfigurationIsVisible = 0;
			defaultConfigurationName = Release;
		};
		EFE929692C6B42D90091FF02 /* Build configuration list for PBXNativeTarget "piggyUITests" */ = {
			isa = XCConfigurationList;
			buildConfigurations = (
				EFE9296A2C6B42D90091FF02 /* Debug */,
				EFE9296B2C6B42D90091FF02 /* Release */,
			);
			defaultConfigurationIsVisible = 0;
			defaultConfigurationName = Release;
		};
/* End XCConfigurationList section */
	};
	rootObject = EFE929372C6B42D80091FF02 /* Project object */;
}
